
Microsoft Visual Studio Solution File, Format Version 12.00
# Visual Studio 15
Project("{FAE04EC0-301F-11D3-BF4B-00C04F79EFBC}") = "Jokes", "Jokes\Jokes.csproj", "{DA76D4E6-39A6-4984-B8F4-9F7D7E53C91A}"
EndProject
Global
	GlobalSection(SolutionConfigurationPlatforms) = preSolution
		Debug|Any CPU = Debug|Any CPU
		Release|Any CPU = Release|Any CPU
	EndGlobalSection
	GlobalSection(ProjectConfigurationPlatforms) = postSolution
		{DA76D4E6-39A6-4984-B8F4-9F7D7E53C91A}.Debug|Any CPU.ActiveCfg = Debug|Any CPU
		{DA76D4E6-39A6-4984-B8F4-9F7D7E53C91A}.Debug|Any CPU.Build.0 = Debug|Any CPU
		{DA76D4E6-39A6-4984-B8F4-9F7D7E53C91A}.Release|Any CPU.ActiveCfg = Release|Any CPU
		{DA76D4E6-39A6-4984-B8F4-9F7D7E53C91A}.Release|Any CPU.Build.0 = Release|Any CPU
	EndGlobalSection
EndGlobal
